
Microsoft Visual Studio Solution File, Format Version 12.00
# Visual Studio Version 17
VisualStudioVersion = 17.8.34525.116
MinimumVisualStudioVersion = 10.0.40219.1
Project("{9A19103F-16F7-4668-BE54-9A1E7A4F7556}") = "Aukcionas", "Aukcionas\Aukcionas.csproj", "{0064AF61-D419-43E9-8FFE-04CCD726DF7C}"
EndProject
Project("{FAE04EC0-301F-11D3-BF4B-00C04F79EFBC}") = "XUnitTests", "XUnitTests\XUnitTests.csproj", "{517E8B11-E0D3-4753-AED7-D0F6D858A61D}"
EndProject
Global
	GlobalSection(SolutionConfigurationPlatforms) = preSolution
		Debug|Any CPU = Debug|Any CPU
		Release|Any CPU = Release|Any CPU
	EndGlobalSection
	GlobalSection(ProjectConfigurationPlatforms) = postSolution
		{0064AF61-D419-43E9-8FFE-04CCD726DF7C}.Debug|Any CPU.ActiveCfg = Debug|Any CPU
		{0064AF61-D419-43E9-8FFE-04CCD726DF7C}.Debug|Any CPU.Build.0 = Debug|Any CPU
		{0064AF61-D419-43E9-8FFE-04CCD726DF7C}.Release|Any CPU.ActiveCfg = Release|Any CPU
		{0064AF61-D419-43E9-8FFE-04CCD726DF7C}.Release|Any CPU.Build.0 = Release|Any CPU
		{517E8B11-E0D3-4753-AED7-D0F6D858A61D}.Debug|Any CPU.ActiveCfg = Debug|Any CPU
		{517E8B11-E0D3-4753-AED7-D0F6D858A61D}.Debug|Any CPU.Build.0 = Debug|Any CPU
		{517E8B11-E0D3-4753-AED7-D0F6D858A61D}.Release|Any CPU.ActiveCfg = Release|Any CPU
		{517E8B11-E0D3-4753-AED7-D0F6D858A61D}.Release|Any CPU.Build.0 = Release|Any CPU
	EndGlobalSection
	GlobalSection(SolutionProperties) = preSolution
		HideSolutionNode = FALSE
	EndGlobalSection
	GlobalSection(ExtensibilityGlobals) = postSolution
		SolutionGuid = {2FDFBAF9-67C7-4DCF-B8C6-50F227BBB4A9}
	EndGlobalSection
EndGlobal
